
Microsoft Visual Studio Solution File, Format Version 12.00
# Visual Studio 15
VisualStudioVersion = 15.0.28307.852
MinimumVisualStudioVersion = 10.0.40219.1
Project("{FAE04EC0-301F-11D3-BF4B-00C04F79EFBC}") = "SendToMachine", "ConsoleApp5\SendToMachine.csproj", "{65B76FE9-A4AA-4032-8D51-C0DB3E8BEDF0}"
EndProject
Global
	GlobalSection(SolutionConfigurationPlatforms) = preSolution
		Debug|Any CPU = Debug|Any CPU
		Release|Any CPU = Release|Any CPU
	EndGlobalSection
	GlobalSection(ProjectConfigurationPlatforms) = postSolution
		{65B76FE9-A4AA-4032-8D51-C0DB3E8BEDF0}.Debug|Any CPU.ActiveCfg = Debug|Any CPU
		{65B76FE9-A4AA-4032-8D51-C0DB3E8BEDF0}.Debug|Any CPU.Build.0 = Debug|Any CPU
		{65B76FE9-A4AA-4032-8D51-C0DB3E8BEDF0}.Release|Any CPU.ActiveCfg = Release|Any CPU
		{65B76FE9-A4AA-4032-8D51-C0DB3E8BEDF0}.Release|Any CPU.Build.0 = Release|Any CPU
	EndGlobalSection
	GlobalSection(SolutionProperties) = preSolution
		HideSolutionNode = FALSE
	EndGlobalSection
	GlobalSection(ExtensibilityGlobals) = postSolution
		SolutionGuid = {95FC51AA-243F-4C29-A11A-00977214E596}
	EndGlobalSection
EndGlobal
